
Microsoft Visual Studio Solution File, Format Version 12.00
# Visual Studio Version 17
VisualStudioVersion = 17.9.34701.34
MinimumVisualStudioVersion = 10.0.40219.1
Project("{FAE04EC0-301F-11D3-BF4B-00C04F79EFBC}") = "M03.UF5.AC2JoanMendo", "M03.UF5.AC2JoanMendo.csproj", "{B52B79F6-64B2-434A-AB3C-6BA4B5354CED}"
EndProject
Project("{FAE04EC0-301F-11D3-BF4B-00C04F79EFBC}") = "ClassLibrary2", "..\ClassLibrary2\ClassLibrary2.csproj", "{C5C6BDD1-669F-4EF0-B35F-49B901D95469}"
EndProject
Global
	GlobalSection(SolutionConfigurationPlatforms) = preSolution
		Debug|Any CPU = Debug|Any CPU
		Release|Any CPU = Release|Any CPU
	EndGlobalSection
	GlobalSection(ProjectConfigurationPlatforms) = postSolution
		{B52B79F6-64B2-434A-AB3C-6BA4B5354CED}.Debug|Any CPU.ActiveCfg = Debug|Any CPU
		{B52B79F6-64B2-434A-AB3C-6BA4B5354CED}.Debug|Any CPU.Build.0 = Debug|Any CPU
		{B52B79F6-64B2-434A-AB3C-6BA4B5354CED}.Release|Any CPU.ActiveCfg = Release|Any CPU
		{B52B79F6-64B2-434A-AB3C-6BA4B5354CED}.Release|Any CPU.Build.0 = Release|Any CPU
		{C5C6BDD1-669F-4EF0-B35F-49B901D95469}.Debug|Any CPU.ActiveCfg = Debug|Any CPU
		{C5C6BDD1-669F-4EF0-B35F-49B901D95469}.Debug|Any CPU.Build.0 = Debug|Any CPU
		{C5C6BDD1-669F-4EF0-B35F-49B901D95469}.Release|Any CPU.ActiveCfg = Release|Any CPU
		{C5C6BDD1-669F-4EF0-B35F-49B901D95469}.Release|Any CPU.Build.0 = Release|Any CPU
	EndGlobalSection
	GlobalSection(SolutionProperties) = preSolution
		HideSolutionNode = FALSE
	EndGlobalSection
	GlobalSection(ExtensibilityGlobals) = postSolution
		SolutionGuid = {A505D561-A839-4EF1-A462-0F87D64ADA19}
	EndGlobalSection
EndGlobal
